
Microsoft Visual Studio Solution File, Format Version 12.00
# Visual Studio Version 17
VisualStudioVersion = 17.0.31903.59
MinimumVisualStudioVersion = 10.0.40219.1
Project("{2150E333-8FDC-42A3-9474-1A3956D46DE8}") = "src", "src", "{827E0CD3-B72D-47B6-A68D-7590B98EB39B}"
EndProject
Project("{FAE04EC0-301F-11D3-BF4B-00C04F79EFBC}") = "DioVehicleApi.Domain", "src\DioVehicleApi.Domain\DioVehicleApi.Domain.csproj", "{FCE2833F-7973-4F85-A613-76AF71833859}"
EndProject
Project("{FAE04EC0-301F-11D3-BF4B-00C04F79EFBC}") = "DioVehicleApi.Application", "src\DioVehicleApi.Application\DioVehicleApi.Application.csproj", "{FB48652B-305A-4B03-B842-B105A8992A11}"
EndProject
Project("{FAE04EC0-301F-11D3-BF4B-00C04F79EFBC}") = "DioVehicleApi.Infrastructure", "src\DioVehicleApi.Infrastructure\DioVehicleApi.Infrastructure.csproj", "{DD3011D2-71A1-46AD-9A71-FB8BF4647A11}"
EndProject
Project("{FAE04EC0-301F-11D3-BF4B-00C04F79EFBC}") = "DioVehicleApi.Api", "src\DioVehicleApi.Api\DioVehicleApi.Api.csproj", "{415BEB2C-F2E7-4EEC-BB63-F25F305DC055}"
EndProject
Project("{2150E333-8FDC-42A3-9474-1A3956D46DE8}") = "tests", "tests", "{0AB3BF05-4346-4AA6-1389-037BE0695223}"
EndProject
Project("{FAE04EC0-301F-11D3-BF4B-00C04F79EFBC}") = "DioVehicleApi.Domain.UnitTests", "tests\DioVehicleApi.Domain.UnitTests\DioVehicleApi.Domain.UnitTests.csproj", "{A93A6CAC-05D9-4AE6-B746-2E16039FF27A}"
EndProject
Project("{FAE04EC0-301F-11D3-BF4B-00C04F79EFBC}") = "DioVehicleApi.Application.UnitTests", "tests\DioVehicleApi.Application.UnitTests\DioVehicleApi.Application.UnitTests.csproj", "{20938F04-D006-4A3C-A89E-C286F4C51717}"
EndProject
Project("{FAE04EC0-301F-11D3-BF4B-00C04F79EFBC}") = "DioVehicleApi.Infrastructure.UnitTests", "tests\DioVehicleApi.Infrastructure.UnitTests\DioVehicleApi.Infrastructure.UnitTests.csproj", "{4F8BF477-CF60-48BA-B4DA-DCC6281DE328}"
EndProject
Project("{FAE04EC0-301F-11D3-BF4B-00C04F79EFBC}") = "DioVehicleApi.Api.IntegrationTests", "tests\DioVehicleApi.Api.IntegrationTests\DioVehicleApi.Api.IntegrationTests.csproj", "{375C3EB7-0126-4156-9482-A7FB36C403CB}"
EndProject
Global
	GlobalSection(SolutionConfigurationPlatforms) = preSolution
		Debug|Any CPU = Debug|Any CPU
		Debug|x64 = Debug|x64
		Debug|x86 = Debug|x86
		Release|Any CPU = Release|Any CPU
		Release|x64 = Release|x64
		Release|x86 = Release|x86
	EndGlobalSection
	GlobalSection(ProjectConfigurationPlatforms) = postSolution
		{FCE2833F-7973-4F85-A613-76AF71833859}.Debug|Any CPU.ActiveCfg = Debug|Any CPU
		{FCE2833F-7973-4F85-A613-76AF71833859}.Debug|Any CPU.Build.0 = Debug|Any CPU
		{FCE2833F-7973-4F85-A613-76AF71833859}.Debug|x64.ActiveCfg = Debug|Any CPU
		{FCE2833F-7973-4F85-A613-76AF71833859}.Debug|x64.Build.0 = Debug|Any CPU
		{FCE2833F-7973-4F85-A613-76AF71833859}.Debug|x86.ActiveCfg = Debug|Any CPU
		{FCE2833F-7973-4F85-A613-76AF71833859}.Debug|x86.Build.0 = Debug|Any CPU
		{FCE2833F-7973-4F85-A613-76AF71833859}.Release|Any CPU.ActiveCfg = Release|Any CPU
		{FCE2833F-7973-4F85-A613-76AF71833859}.Release|Any CPU.Build.0 = Release|Any CPU
		{FCE2833F-7973-4F85-A613-76AF71833859}.Release|x64.ActiveCfg = Release|Any CPU
		{FCE2833F-7973-4F85-A613-76AF71833859}.Release|x64.Build.0 = Release|Any CPU
		{FCE2833F-7973-4F85-A613-76AF71833859}.Release|x86.ActiveCfg = Release|Any CPU
		{FCE2833F-7973-4F85-A613-76AF71833859}.Release|x86.Build.0 = Release|Any CPU
		{FB48652B-305A-4B03-B842-B105A8992A11}.Debug|Any CPU.ActiveCfg = Debug|Any CPU
		{FB48652B-305A-4B03-B842-B105A8992A11}.Debug|Any CPU.Build.0 = Debug|Any CPU
		{FB48652B-305A-4B03-B842-B105A8992A11}.Debug|x64.ActiveCfg = Debug|Any CPU
		{FB48652B-305A-4B03-B842-B105A8992A11}.Debug|x64.Build.0 = Debug|Any CPU
		{FB48652B-305A-4B03-B842-B105A8992A11}.Debug|x86.ActiveCfg = Debug|Any CPU
		{FB48652B-305A-4B03-B842-B105A8992A11}.Debug|x86.Build.0 = Debug|Any CPU
		{FB48652B-305A-4B03-B842-B105A8992A11}.Release|Any CPU.ActiveCfg = Release|Any CPU
		{FB48652B-305A-4B03-B842-B105A8992A11}.Release|Any CPU.Build.0 = Release|Any CPU
		{FB48652B-305A-4B03-B842-B105A8992A11}.Release|x64.ActiveCfg = Release|Any CPU
		{FB48652B-305A-4B03-B842-B105A8992A11}.Release|x64.Build.0 = Release|Any CPU
		{FB48652B-305A-4B03-B842-B105A8992A11}.Release|x86.ActiveCfg = Release|Any CPU
		{FB48652B-305A-4B03-B842-B105A8992A11}.Release|x86.Build.0 = Release|Any CPU
		{DD3011D2-71A1-46AD-9A71-FB8BF4647A11}.Debug|Any CPU.ActiveCfg = Debug|Any CPU
		{DD3011D2-71A1-46AD-9A71-FB8BF4647A11}.Debug|Any CPU.Build.0 = Debug|Any CPU
		{DD3011D2-71A1-46AD-9A71-FB8BF4647A11}.Debug|x64.ActiveCfg = Debug|Any CPU
		{DD3011D2-71A1-46AD-9A71-FB8BF4647A11}.Debug|x64.Build.0 = Debug|Any CPU
		{DD3011D2-71A1-46AD-9A71-FB8BF4647A11}.Debug|x86.ActiveCfg = Debug|Any CPU
		{DD3011D2-71A1-46AD-9A71-FB8BF4647A11}.Debug|x86.Build.0 = Debug|Any CPU
		{DD3011D2-71A1-46AD-9A71-FB8BF4647A11}.Release|Any CPU.ActiveCfg = Release|Any CPU
		{DD3011D2-71A1-46AD-9A71-FB8BF4647A11}.Release|Any CPU.Build.0 = Release|Any CPU
		{DD3011D2-71A1-46AD-9A71-FB8BF4647A11}.Release|x64.ActiveCfg = Release|Any CPU
		{DD3011D2-71A1-46AD-9A71-FB8BF4647A11}.Release|x64.Build.0 = Release|Any CPU
		{DD3011D2-71A1-46AD-9A71-FB8BF4647A11}.Release|x86.ActiveCfg = Release|Any CPU
		{DD3011D2-71A1-46AD-9A71-FB8BF4647A11}.Release|x86.Build.0 = Release|Any CPU
		{415BEB2C-F2E7-4EEC-BB63-F25F305DC055}.Debug|Any CPU.ActiveCfg = Debug|Any CPU
		{415BEB2C-F2E7-4EEC-BB63-F25F305DC055}.Debug|Any CPU.Build.0 = Debug|Any CPU
		{415BEB2C-F2E7-4EEC-BB63-F25F305DC055}.Debug|x64.ActiveCfg = Debug|Any CPU
		{415BEB2C-F2E7-4EEC-BB63-F25F305DC055}.Debug|x64.Build.0 = Debug|Any CPU
		{415BEB2C-F2E7-4EEC-BB63-F25F305DC055}.Debug|x86.ActiveCfg = Debug|Any CPU
		{415BEB2C-F2E7-4EEC-BB63-F25F305DC055}.Debug|x86.Build.0 = Debug|Any CPU
		{415BEB2C-F2E7-4EEC-BB63-F25F305DC055}.Release|Any CPU.ActiveCfg = Release|Any CPU
		{415BEB2C-F2E7-4EEC-BB63-F25F305DC055}.Release|Any CPU.Build.0 = Release|Any CPU
		{415BEB2C-F2E7-4EEC-BB63-F25F305DC055}.Release|x64.ActiveCfg = Release|Any CPU
		{415BEB2C-F2E7-4EEC-BB63-F25F305DC055}.Release|x64.Build.0 = Release|Any CPU
		{415BEB2C-F2E7-4EEC-BB63-F25F305DC055}.Release|x86.ActiveCfg = Release|Any CPU
		{415BEB2C-F2E7-4EEC-BB63-F25F305DC055}.Release|x86.Build.0 = Release|Any CPU
		{A93A6CAC-05D9-4AE6-B746-2E16039FF27A}.Debug|Any CPU.ActiveCfg = Debug|Any CPU
		{A93A6CAC-05D9-4AE6-B746-2E16039FF27A}.Debug|Any CPU.Build.0 = Debug|Any CPU
		{A93A6CAC-05D9-4AE6-B746-2E16039FF27A}.Debug|x64.ActiveCfg = Debug|Any CPU
		{A93A6CAC-05D9-4AE6-B746-2E16039FF27A}.Debug|x64.Build.0 = Debug|Any CPU
		{A93A6CAC-05D9-4AE6-B746-2E16039FF27A}.Debug|x86.ActiveCfg = Debug|Any CPU
		{A93A6CAC-05D9-4AE6-B746-2E16039FF27A}.Debug|x86.Build.0 = Debug|Any CPU
		{A93A6CAC-05D9-4AE6-B746-2E16039FF27A}.Release|Any CPU.ActiveCfg = Release|Any CPU
		{A93A6CAC-05D9-4AE6-B746-2E16039FF27A}.Release|Any CPU.Build.0 = Release|Any CPU
		{A93A6CAC-05D9-4AE6-B746-2E16039FF27A}.Release|x64.ActiveCfg = Release|Any CPU
		{A93A6CAC-05D9-4AE6-B746-2E16039FF27A}.Release|x64.Build.0 = Release|Any CPU
		{A93A6CAC-05D9-4AE6-B746-2E16039FF27A}.Release|x86.ActiveCfg = Release|Any CPU
		{A93A6CAC-05D9-4AE6-B746-2E16039FF27A}.Release|x86.Build.0 = Release|Any CPU
		{20938F04-D006-4A3C-A89E-C286F4C51717}.Debug|Any CPU.ActiveCfg = Debug|Any CPU
		{20938F04-D006-4A3C-A89E-C286F4C51717}.Debug|Any CPU.Build.0 = Debug|Any CPU
		{20938F04-D006-4A3C-A89E-C286F4C51717}.Debug|x64.ActiveCfg = Debug|Any CPU
		{20938F04-D006-4A3C-A89E-C286F4C51717}.Debug|x64.Build.0 = Debug|Any CPU
		{20938F04-D006-4A3C-A89E-C286F4C51717}.Debug|x86.ActiveCfg = Debug|Any CPU
		{20938F04-D006-4A3C-A89E-C286F4C51717}.Debug|x86.Build.0 = Debug|Any CPU
		{20938F04-D006-4A3C-A89E-C286F4C51717}.Release|Any CPU.ActiveCfg = Release|Any CPU
		{20938F04-D006-4A3C-A89E-C286F4C51717}.Release|Any CPU.Build.0 = Release|Any CPU
		{20938F04-D006-4A3C-A89E-C286F4C51717}.Release|x64.ActiveCfg = Release|Any CPU
		{20938F04-D006-4A3C-A89E-C286F4C51717}.Release|x64.Build.0 = Release|Any CPU
		{20938F04-D006-4A3C-A89E-C286F4C51717}.Release|x86.ActiveCfg = Release|Any CPU
		{20938F04-D006-4A3C-A89E-C286F4C51717}.Release|x86.Build.0 = Release|Any CPU
		{4F8BF477-CF60-48BA-B4DA-DCC6281DE328}.Debug|Any CPU.ActiveCfg = Debug|Any CPU
		{4F8BF477-CF60-48BA-B4DA-DCC6281DE328}.Debug|Any CPU.Build.0 = Debug|Any CPU
		{4F8BF477-CF60-48BA-B4DA-DCC6281DE328}.Debug|x64.ActiveCfg = Debug|Any CPU
		{4F8BF477-CF60-48BA-B4DA-DCC6281DE328}.Debug|x64.Build.0 = Debug|Any CPU
		{4F8BF477-CF60-48BA-B4DA-DCC6281DE328}.Debug|x86.ActiveCfg = Debug|Any CPU
		{4F8BF477-CF60-48BA-B4DA-DCC6281DE328}.Debug|x86.Build.0 = Debug|Any CPU
		{4F8BF477-CF60-48BA-B4DA-DCC6281DE328}.Release|Any CPU.ActiveCfg = Release|Any CPU
		{4F8BF477-CF60-48BA-B4DA-DCC6281DE328}.Release|Any CPU.Build.0 = Release|Any CPU
		{4F8BF477-CF60-48BA-B4DA-DCC6281DE328}.Release|x64.ActiveCfg = Release|Any CPU
		{4F8BF477-CF60-48BA-B4DA-DCC6281DE328}.Release|x64.Build.0 = Release|Any CPU
		{4F8BF477-CF60-48BA-B4DA-DCC6281DE328}.Release|x86.ActiveCfg = Release|Any CPU
		{4F8BF477-CF60-48BA-B4DA-DCC6281DE328}.Release|x86.Build.0 = Release|Any CPU
		{375C3EB7-0126-4156-9482-A7FB36C403CB}.Debug|Any CPU.ActiveCfg = Debug|Any CPU
		{375C3EB7-0126-4156-9482-A7FB36C403CB}.Debug|Any CPU.Build.0 = Debug|Any CPU
		{375C3EB7-0126-4156-9482-A7FB36C403CB}.Debug|x64.ActiveCfg = Debug|Any CPU
		{375C3EB7-0126-4156-9482-A7FB36C403CB}.Debug|x64.Build.0 = Debug|Any CPU
		{375C3EB7-0126-4156-9482-A7FB36C403CB}.Debug|x86.ActiveCfg = Debug|Any CPU
		{375C3EB7-0126-4156-9482-A7FB36C403CB}.Debug|x86.Build.0 = Debug|Any CPU
		{375C3EB7-0126-4156-9482-A7FB36C403CB}.Release|Any CPU.ActiveCfg = Release|Any CPU
		{375C3EB7-0126-4156-9482-A7FB36C403CB}.Release|Any CPU.Build.0 = Release|Any CPU
		{375C3EB7-0126-4156-9482-A7FB36C403CB}.Release|x64.ActiveCfg = Release|Any CPU
		{375C3EB7-0126-4156-9482-A7FB36C403CB}.Release|x64.Build.0 = Release|Any CPU
		{375C3EB7-0126-4156-9482-A7FB36C403CB}.Release|x86.ActiveCfg = Release|Any CPU
		{375C3EB7-0126-4156-9482-A7FB36C403CB}.Release|x86.Build.0 = Release|Any CPU
	EndGlobalSection
	GlobalSection(SolutionProperties) = preSolution
		HideSolutionNode = FALSE
	EndGlobalSection
	GlobalSection(NestedProjects) = preSolution
		{FCE2833F-7973-4F85-A613-76AF71833859} = {827E0CD3-B72D-47B6-A68D-7590B98EB39B}
		{FB48652B-305A-4B03-B842-B105A8992A11} = {827E0CD3-B72D-47B6-A68D-7590B98EB39B}
		{DD3011D2-71A1-46AD-9A71-FB8BF4647A11} = {827E0CD3-B72D-47B6-A68D-7590B98EB39B}
		{415BEB2C-F2E7-4EEC-BB63-F25F305DC055} = {827E0CD3-B72D-47B6-A68D-7590B98EB39B}
		{A93A6CAC-05D9-4AE6-B746-2E16039FF27A} = {0AB3BF05-4346-4AA6-1389-037BE0695223}
		{20938F04-D006-4A3C-A89E-C286F4C51717} = {0AB3BF05-4346-4AA6-1389-037BE0695223}
		{4F8BF477-CF60-48BA-B4DA-DCC6281DE328} = {0AB3BF05-4346-4AA6-1389-037BE0695223}
		{375C3EB7-0126-4156-9482-A7FB36C403CB} = {0AB3BF05-4346-4AA6-1389-037BE0695223}
	EndGlobalSection
EndGlobal
